
Microsoft Visual Studio Solution File, Format Version 12.00
# Visual Studio Version 17
VisualStudioVersion = 17.3.32929.385
MinimumVisualStudioVersion = 10.0.40219.1
Project("{FAE04EC0-301F-11D3-BF4B-00C04F79EFBC}") = "Spotifyle", "Spotifyle.csproj", "{8A4A1691-C67A-436E-9F39-E442110E8BBC}"
EndProject
Global
	GlobalSection(SolutionConfigurationPlatforms) = preSolution
		Debug|Any CPU = Debug|Any CPU
		Release|Any CPU = Release|Any CPU
	EndGlobalSection
	GlobalSection(ProjectConfigurationPlatforms) = postSolution
		{8A4A1691-C67A-436E-9F39-E442110E8BBC}.Debug|Any CPU.ActiveCfg = Debug|Any CPU
		{8A4A1691-C67A-436E-9F39-E442110E8BBC}.Debug|Any CPU.Build.0 = Debug|Any CPU
		{8A4A1691-C67A-436E-9F39-E442110E8BBC}.Release|Any CPU.ActiveCfg = Release|Any CPU
		{8A4A1691-C67A-436E-9F39-E442110E8BBC}.Release|Any CPU.Build.0 = Release|Any CPU
	EndGlobalSection
	GlobalSection(SolutionProperties) = preSolution
		HideSolutionNode = FALSE
	EndGlobalSection
	GlobalSection(ExtensibilityGlobals) = postSolution
		SolutionGuid = {1E5C664F-C8C3-4F92-8B6E-DFD6535B9191}
	EndGlobalSection
EndGlobal
